
Microsoft Visual Studio Solution File, Format Version 12.00
# Visual Studio Version 17
VisualStudioVersion = 17.14.36121.58
MinimumVisualStudioVersion = 10.0.40219.1
Project("{FAE04EC0-301F-11D3-BF4B-00C04F79EFBC}") = "RMS.Presentation.Layer", "ITI.RMS.Presentation.Layer\RMS.Presentation.Layer.csproj", "{23BB8EE2-9CFE-4880-AD3D-98BD0DAEFFBC}"
EndProject
Project("{FAE04EC0-301F-11D3-BF4B-00C04F79EFBC}") = "RMS.Domain", "RMS.Domain\RMS.Domain.csproj", "{AEB4360E-CB29-4EBD-949D-9372CF04C3F1}"
EndProject
Project("{2150E333-8FDC-42A3-9474-1A3956D46DE8}") = "RMS.Infrastructures", "RMS.Infrastructures", "{02EA681E-C7D8-13C7-8484-4AC65E1B71E8}"
EndProject
Project("{FAE04EC0-301F-11D3-BF4B-00C04F79EFBC}") = "RMS.Infrastructure", "RMS.Infrastructure\RMS.Infrastructure.csproj", "{16034FD5-333A-4B72-BD9A-9F906BF3DA7A}"
EndProject
Project("{FAE04EC0-301F-11D3-BF4B-00C04F79EFBC}") = "RMS.Applicaton.Layer", "RMS.Applicaton\RMS.Applicaton.Layer.csproj", "{7057E654-16F4-4E88-8717-16C5AF0F3BA5}"
EndProject
Global
	GlobalSection(SolutionConfigurationPlatforms) = preSolution
		Debug|Any CPU = Debug|Any CPU
		Release|Any CPU = Release|Any CPU
	EndGlobalSection
	GlobalSection(ProjectConfigurationPlatforms) = postSolution
		{23BB8EE2-9CFE-4880-AD3D-98BD0DAEFFBC}.Debug|Any CPU.ActiveCfg = Debug|Any CPU
		{23BB8EE2-9CFE-4880-AD3D-98BD0DAEFFBC}.Debug|Any CPU.Build.0 = Debug|Any CPU
		{23BB8EE2-9CFE-4880-AD3D-98BD0DAEFFBC}.Release|Any CPU.ActiveCfg = Release|Any CPU
		{23BB8EE2-9CFE-4880-AD3D-98BD0DAEFFBC}.Release|Any CPU.Build.0 = Release|Any CPU
		{AEB4360E-CB29-4EBD-949D-9372CF04C3F1}.Debug|Any CPU.ActiveCfg = Debug|Any CPU
		{AEB4360E-CB29-4EBD-949D-9372CF04C3F1}.Debug|Any CPU.Build.0 = Debug|Any CPU
		{AEB4360E-CB29-4EBD-949D-9372CF04C3F1}.Release|Any CPU.ActiveCfg = Release|Any CPU
		{AEB4360E-CB29-4EBD-949D-9372CF04C3F1}.Release|Any CPU.Build.0 = Release|Any CPU
		{16034FD5-333A-4B72-BD9A-9F906BF3DA7A}.Debug|Any CPU.ActiveCfg = Debug|Any CPU
		{16034FD5-333A-4B72-BD9A-9F906BF3DA7A}.Debug|Any CPU.Build.0 = Debug|Any CPU
		{16034FD5-333A-4B72-BD9A-9F906BF3DA7A}.Release|Any CPU.ActiveCfg = Release|Any CPU
		{16034FD5-333A-4B72-BD9A-9F906BF3DA7A}.Release|Any CPU.Build.0 = Release|Any CPU
		{7057E654-16F4-4E88-8717-16C5AF0F3BA5}.Debug|Any CPU.ActiveCfg = Debug|Any CPU
		{7057E654-16F4-4E88-8717-16C5AF0F3BA5}.Debug|Any CPU.Build.0 = Debug|Any CPU
		{7057E654-16F4-4E88-8717-16C5AF0F3BA5}.Release|Any CPU.ActiveCfg = Release|Any CPU
		{7057E654-16F4-4E88-8717-16C5AF0F3BA5}.Release|Any CPU.Build.0 = Release|Any CPU
	EndGlobalSection
	GlobalSection(SolutionProperties) = preSolution
		HideSolutionNode = FALSE
	EndGlobalSection
	GlobalSection(NestedProjects) = preSolution
		{16034FD5-333A-4B72-BD9A-9F906BF3DA7A} = {02EA681E-C7D8-13C7-8484-4AC65E1B71E8}
	EndGlobalSection
	GlobalSection(ExtensibilityGlobals) = postSolution
		SolutionGuid = {1D544E01-0716-4547-83B3-EE1454EB60CE}
	EndGlobalSection
EndGlobal
